{
  "name": "ll",
  "lockfileVersion": 2,
  "requires": true,
  "packages": {
    "": {
      "dependencies": {
        "pnpm": "^7.17.1"
      }
    },
    "node_modules/pnpm": {
      "version": "7.17.1",
      "resolved": "https://registry.npmjs.org/pnpm/-/pnpm-7.17.1.tgz",
      "integrity": "sha512-O76jPxzoeja81Z/8YyTfuXt+f7qkpsyEJsNBreWYBLHY5rJkjvNE/bIUGQ2uD/rcYPEtmrZZYox21OjAMC9EGw==",
      "bin": {
        "pnpm": "bin/pnpm.cjs",
        "pnpx": "bin/pnpx.cjs"
      },
      "engines": {
        "node": ">=14.6"
      },
      "funding": {
        "url": "https://opencollective.com/pnpm"
      }
    }
  },
  "dependencies": {
    "pnpm": {
      "version": "7.17.1",
      "resolved": "https://registry.npmjs.org/pnpm/-/pnpm-7.17.1.tgz",
      "integrity": "sha512-O76jPxzoeja81Z/8YyTfuXt+f7qkpsyEJsNBreWYBLHY5rJkjvNE/bIUGQ2uD/rcYPEtmrZZYox21OjAMC9EGw=="
    }
  }
}
